
Microsoft Visual Studio Solution File, Format Version 12.00
# Visual Studio Version 16
VisualStudioVersion = 16.0.30204.135
MinimumVisualStudioVersion = 10.0.40219.1
Project("{FAE04EC0-301F-11D3-BF4B-00C04F79EFBC}") = "Blue Botnet Bot Builder", "Blue Botnet Bot Builder\Blue Botnet Bot Builder.csproj", "{96F2BCC8-048A-4831-A464-68DAB6A1F012}"
EndProject
Global
	GlobalSection(SolutionConfigurationPlatforms) = preSolution
		Debug|Any CPU = Debug|Any CPU
		Release|Any CPU = Release|Any CPU
	EndGlobalSection
	GlobalSection(ProjectConfigurationPlatforms) = postSolution
		{96F2BCC8-048A-4831-A464-68DAB6A1F012}.Debug|Any CPU.ActiveCfg = Debug|Any CPU
		{96F2BCC8-048A-4831-A464-68DAB6A1F012}.Debug|Any CPU.Build.0 = Debug|Any CPU
		{96F2BCC8-048A-4831-A464-68DAB6A1F012}.Release|Any CPU.ActiveCfg = Release|Any CPU
		{96F2BCC8-048A-4831-A464-68DAB6A1F012}.Release|Any CPU.Build.0 = Release|Any CPU
	EndGlobalSection
	GlobalSection(SolutionProperties) = preSolution
		HideSolutionNode = FALSE
	EndGlobalSection
	GlobalSection(ExtensibilityGlobals) = postSolution
		SolutionGuid = {30E71AB0-9FC8-434A-A42E-2F502E05F6E2}
	EndGlobalSection
EndGlobal
